{
  "object": {
    "pins": [
      {
        "package": "NavigationStack",
        "repositoryURL": "https://github.com/matteopuc/swiftui-navigation-stack.git",
        "state": {
          "branch": "master",
          "revision": "eb95be334b855f682ce8a2f9acb62d2c7123d483",
          "version": null
        }
      }
    ]
  },
  "version": 1
}
